
Microsoft Visual Studio Solution File, Format Version 12.00
# Visual Studio Version 17
VisualStudioVersion = 17.9.34728.123
MinimumVisualStudioVersion = 10.0.40219.1
Project("{FAE04EC0-301F-11D3-BF4B-00C04F79EFBC}") = "KantorBD", "KantorBD\KantorBD.csproj", "{EE19CCD3-F000-48CE-87DC-037160A64EA5}"
EndProject
Global
	GlobalSection(SolutionConfigurationPlatforms) = preSolution
		Debug|Any CPU = Debug|Any CPU
		Release|Any CPU = Release|Any CPU
	EndGlobalSection
	GlobalSection(ProjectConfigurationPlatforms) = postSolution
		{EE19CCD3-F000-48CE-87DC-037160A64EA5}.Debug|Any CPU.ActiveCfg = Debug|Any CPU
		{EE19CCD3-F000-48CE-87DC-037160A64EA5}.Debug|Any CPU.Build.0 = Debug|Any CPU
		{EE19CCD3-F000-48CE-87DC-037160A64EA5}.Release|Any CPU.ActiveCfg = Release|Any CPU
		{EE19CCD3-F000-48CE-87DC-037160A64EA5}.Release|Any CPU.Build.0 = Release|Any CPU
	EndGlobalSection
	GlobalSection(SolutionProperties) = preSolution
		HideSolutionNode = FALSE
	EndGlobalSection
	GlobalSection(ExtensibilityGlobals) = postSolution
		SolutionGuid = {A5A6E652-41DA-4837-BC67-AE72DF8FE62F}
	EndGlobalSection
EndGlobal
